# This file is autogenerated, do not edit; changes may be undone by the next 'dep ensure'.


[[projects]]
  digest = "1:68c64bb61d55dcd17c82ca0b871ddddb5ae18b30cfe26f6bfd4b6df6287dc2e0"
  name = "github.com/golang/mock"
  packages = ["gomock"]
  pruneopts = ""
  revision = "9fa652df1129bef0e734c9cf9bf6dbae9ef3b9fa"
  version = "1.3.1"

[[projects]]
  digest = "1:3dd078fda7500c341bc26cfbc6c6a34614f295a2457149fc1045cab767cbcf18"
  name = "github.com/golang/protobuf"
  packages = [
    "proto",
    "ptypes",
    "ptypes/any",
    "ptypes/duration",
    "ptypes/timestamp",
  ]
  pruneopts = ""
  revision = "aa810b61a9c79d51363740d207bb46cf8e620ed5"
  version = "v1.2.0"

[[projects]]
  digest = "1:39ddfd7e4ef80c7b5cb6651fb13fb4a0277c28474f981ac30af19247d3539642"
  name = "github.com/topfreegames/protos"
  packages = [
    "eventsgateway/grpc/generated",
    "maestro/grpc/generated",
  ]
  pruneopts = ""
  revision = "6f7978cc417340ad5721efd3bb30be50e6e58cce"
  version = "v1.7.0"

[[projects]]
  branch = "master"
  digest = "1:6e4f9fe77e4f2311ceb7025fd5c5134c16f336a4d5009c20e676f859096a5c0c"
  name = "golang.org/x/net"
  packages = [
    "context",
    "http2",
    "http2/hpack",
    "idna",
    "internal/timeseries",
    "lex/httplex",
    "trace",
  ]
  pruneopts = ""
  revision = "57efc9c3d9f91fb3277f8da1cff370539c4d3dc5"

[[projects]]
  branch = "master"
  digest = "1:2f5c5fbafbc17ead793c4584c8d6ebbc16cf666d969488a0009a8a6a5008a86f"
  name = "golang.org/x/sys"
  packages = ["unix"]
  pruneopts = ""
  revision = "d89cdac9e8725f2aefce25fcbfef41134c9ad412"

[[projects]]
  branch = "master"
  digest = "1:5994e53ef84bc307dcde0bc6aae7931e2fc4fff84c8aad5d3c0d2942623940dc"
  name = "golang.org/x/text"
  packages = [
    "internal/gen",
    "internal/triegen",
    "internal/ucd",
    "secure/bidirule",
    "transform",
    "unicode/bidi",
    "unicode/cldr",
    "unicode/norm",
    "unicode/rangetable",
  ]
  pruneopts = ""
  revision = "cc24f0397b10b6321b1a1322b6bd592984fdabf2"

[[projects]]
  branch = "master"
  digest = "1:f858c5572aa6e30f3e26e36625dd85e361d9b5d8975a19158a50d5a9de241970"
  name = "google.golang.org/genproto"
  packages = ["googleapis/rpc/status"]
  pruneopts = ""
  revision = "ee236bd376b077c7a89f260c026c4735b195e459"

[[projects]]
  digest = "1:e8a4007e58ea9431f6460d1bc5c7f9dd29fdc0211ab780b6ad3d0581478f2076"
  name = "google.golang.org/grpc"
  packages = [
    ".",
    "balancer",
    "balancer/base",
    "balancer/roundrobin",
    "binarylog/grpc_binarylog_v1",
    "codes",
    "connectivity",
    "credentials",
    "credentials/internal",
    "encoding",
    "encoding/proto",
    "grpclog",
    "internal",
    "internal/backoff",
    "internal/balancerload",
    "internal/binarylog",
    "internal/channelz",
    "internal/envconfig",
    "internal/grpcrand",
    "internal/grpcsync",
    "internal/syscall",
    "internal/transport",
    "keepalive",
    "metadata",
    "naming",
    "peer",
    "resolver",
    "resolver/dns",
    "resolver/passthrough",
    "serviceconfig",
    "stats",
    "status",
    "tap",
  ]
  pruneopts = ""
  revision = "6eaf6f47437a6b4e2153a190160ef39a92c7eceb"
  version = "v1.23.0"

[solve-meta]
  analyzer-name = "dep"
  analyzer-version = 1
  input-imports = [
    "github.com/golang/mock/gomock",
    "github.com/golang/protobuf/proto",
    "github.com/topfreegames/protos/eventsgateway/grpc/generated",
    "github.com/topfreegames/protos/maestro/grpc/generated",
    "golang.org/x/net/context",
    "google.golang.org/grpc",
  ]
  solver-name = "gps-cdcl"
  solver-version = 1
